
Microsoft Visual Studio Solution File, Format Version 12.00
# Visual Studio 15
VisualStudioVersion = 15.0.27703.2035
MinimumVisualStudioVersion = 10.0.40219.1
Project("{FAE04EC0-301F-11D3-BF4B-00C04F79EFBC}") = "Utilities", "Utilities\Utilities.csproj", "{8091E0B7-7B0E-46AA-918A-D77F901AA0FD}"
EndProject
Global
	GlobalSection(SolutionConfigurationPlatforms) = preSolution
		Debug|Any CPU = Debug|Any CPU
		Release|Any CPU = Release|Any CPU
	EndGlobalSection
	GlobalSection(ProjectConfigurationPlatforms) = postSolution
		{8091E0B7-7B0E-46AA-918A-D77F901AA0FD}.Debug|Any CPU.ActiveCfg = Debug|Any CPU
		{8091E0B7-7B0E-46AA-918A-D77F901AA0FD}.Debug|Any CPU.Build.0 = Debug|Any CPU
		{8091E0B7-7B0E-46AA-918A-D77F901AA0FD}.Release|Any CPU.ActiveCfg = Release|Any CPU
		{8091E0B7-7B0E-46AA-918A-D77F901AA0FD}.Release|Any CPU.Build.0 = Release|Any CPU
	EndGlobalSection
	GlobalSection(SolutionProperties) = preSolution
		HideSolutionNode = FALSE
	EndGlobalSection
	GlobalSection(ExtensibilityGlobals) = postSolution
		SolutionGuid = {A8DEC85C-FD61-4183-AB51-23745A783B64}
	EndGlobalSection
EndGlobal
